// !$*UTF8*$!
{
	archiveVersion = 1;
	classes = {
	};
	objectVersion = 56;
	objects = {

/* Begin PBXBuildFile section */
		FF141FF32BE27C1900A46A44 /* BasicHeaderView.swift in Sources */ = {isa = PBXBuildFile; fileRef = FF141FF22BE27C1900A46A44 /* BasicHeaderView.swift */; };
		FF23F2DA2BD7A83B00EF3EDF /* Launch Screen.storyboard in Resources */ = {isa = PBXBuildFile; fileRef = FF23F2D92BD7A83B00EF3EDF /* Launch Screen.storyboard */; };
		FF29D1732BCE3FD700B4E289 /* MainHeaderView.swift in Sources */ = {isa = PBXBuildFile; fileRef = FF29D1722BCE3FD700B4E289 /* MainHeaderView.swift */; };
		FF4B9BE12BCF26DF00AF8814 /* TLButton.swift in Sources */ = {isa = PBXBuildFile; fileRef = FF4B9BE02BCF26DF00AF8814 /* TLButton.swift */; };
		FF672E162BCF8014008AEF32 /* Extensions .swift in Sources */ = {isa = PBXBuildFile; fileRef = FF672E152BCF8014008AEF32 /* Extensions .swift */; };
		FFEEBA292BB9126C00FCBBE4 /* Assets.xcassets in Resources */ = {isa = PBXBuildFile; fileRef = FFEEBA0F2BB9126C00FCBBE4 /* Assets.xcassets */; };
		FFEEBA2A2BB9126C00FCBBE4 /* GoogleService-Info.plist in Resources */ = {isa = PBXBuildFile; fileRef = FFEEBA102BB9126C00FCBBE4 /* GoogleService-Info.plist */; };
		FFEEBA2B2BB9126C00FCBBE4 /* ToDoListApp.swift in Sources */ = {isa = PBXBuildFile; fileRef = FFEEBA112BB9126C00FCBBE4 /* ToDoListApp.swift */; };
		FFEEBA2C2BB9126C00FCBBE4 /* LoginVM.swift in Sources */ = {isa = PBXBuildFile; fileRef = FFEEBA132BB9126C00FCBBE4 /* LoginVM.swift */; };
		FFEEBA2D2BB9126C00FCBBE4 /* MainVM.swift in Sources */ = {isa = PBXBuildFile; fileRef = FFEEBA142BB9126C00FCBBE4 /* MainVM.swift */; };
		FFEEBA2E2BB9126C00FCBBE4 /* NewItemVM.swift in Sources */ = {isa = PBXBuildFile; fileRef = FFEEBA152BB9126C00FCBBE4 /* NewItemVM.swift */; };
		FFEEBA2F2BB9126C00FCBBE4 /* ProfileVM.swift in Sources */ = {isa = PBXBuildFile; fileRef = FFEEBA162BB9126C00FCBBE4 /* ProfileVM.swift */; };
		FFEEBA302BB9126C00FCBBE4 /* RegisterVM.swift in Sources */ = {isa = PBXBuildFile; fileRef = FFEEBA172BB9126C00FCBBE4 /* RegisterVM.swift */; };
		FFEEBA312BB9126C00FCBBE4 /* ToDoListItemVM.swift in Sources */ = {isa = PBXBuildFile; fileRef = FFEEBA182BB9126C00FCBBE4 /* ToDoListItemVM.swift */; };
		FFEEBA322BB9126C00FCBBE4 /* ToDoListVM.swift in Sources */ = {isa = PBXBuildFile; fileRef = FFEEBA192BB9126C00FCBBE4 /* ToDoListVM.swift */; };
		FFEEBA332BB9126C00FCBBE4 /* Preview Assets.xcassets in Resources */ = {isa = PBXBuildFile; fileRef = FFEEBA1B2BB9126C00FCBBE4 /* Preview Assets.xcassets */; };
		FFEEBA342BB9126C00FCBBE4 /* ToDoListItem.swift in Sources */ = {isa = PBXBuildFile; fileRef = FFEEBA1D2BB9126C00FCBBE4 /* ToDoListItem.swift */; };
		FFEEBA352BB9126C00FCBBE4 /* User.swift in Sources */ = {isa = PBXBuildFile; fileRef = FFEEBA1E2BB9126C00FCBBE4 /* User.swift */; };
		FFEEBA362BB9126C00FCBBE4 /* LoginView.swift in Sources */ = {isa = PBXBuildFile; fileRef = FFEEBA202BB9126C00FCBBE4 /* LoginView.swift */; };
		FFEEBA382BB9126C00FCBBE4 /* MainView.swift in Sources */ = {isa = PBXBuildFile; fileRef = FFEEBA222BB9126C00FCBBE4 /* MainView.swift */; };
		FFEEBA392BB9126C00FCBBE4 /* NewItemView.swift in Sources */ = {isa = PBXBuildFile; fileRef = FFEEBA232BB9126C00FCBBE4 /* NewItemView.swift */; };
		FFEEBA3A2BB9126C00FCBBE4 /* ProfileView.swift in Sources */ = {isa = PBXBuildFile; fileRef = FFEEBA242BB9126C00FCBBE4 /* ProfileView.swift */; };
		FFEEBA3B2BB9126C00FCBBE4 /* RegisterView.swift in Sources */ = {isa = PBXBuildFile; fileRef = FFEEBA252BB9126C00FCBBE4 /* RegisterView.swift */; };
		FFEEBA3C2BB9126C00FCBBE4 /* ToDoListItemView.swift in Sources */ = {isa = PBXBuildFile; fileRef = FFEEBA262BB9126C00FCBBE4 /* ToDoListItemView.swift */; };
		FFEEBA3D2BB9126C00FCBBE4 /* ToDoListView.swift in Sources */ = {isa = PBXBuildFile; fileRef = FFEEBA272BB9126C00FCBBE4 /* ToDoListView.swift */; };
		FFEEBA402BB9134200FCBBE4 /* FirebaseAuth in Frameworks */ = {isa = PBXBuildFile; productRef = FFEEBA3F2BB9134200FCBBE4 /* FirebaseAuth */; };
		FFEEBA422BB9134200FCBBE4 /* FirebaseFirestore in Frameworks */ = {isa = PBXBuildFile; productRef = FFEEBA412BB9134200FCBBE4 /* FirebaseFirestore */; };
		FFEEBA442BB9134200FCBBE4 /* FirebaseFirestoreSwift in Frameworks */ = {isa = PBXBuildFile; productRef = FFEEBA432BB9134200FCBBE4 /* FirebaseFirestoreSwift */; };
/* End PBXBuildFile section */

/* Begin PBXFileReference section */
		FF141FF22BE27C1900A46A44 /* BasicHeaderView.swift */ = {isa = PBXFileReference; lastKnownFileType = sourcecode.swift; path = BasicHeaderView.swift; sourceTree = "<group>"; };
		FF23F2D92BD7A83B00EF3EDF /* Launch Screen.storyboard */ = {isa = PBXFileReference; lastKnownFileType = file.storyboard; path = "Launch Screen.storyboard"; sourceTree = "<group>"; };
		FF29D1722BCE3FD700B4E289 /* MainHeaderView.swift */ = {isa = PBXFileReference; lastKnownFileType = sourcecode.swift; path = MainHeaderView.swift; sourceTree = "<group>"; };
		FF4B9BE02BCF26DF00AF8814 /* TLButton.swift */ = {isa = PBXFileReference; lastKnownFileType = sourcecode.swift; path = TLButton.swift; sourceTree = "<group>"; };
		FF672E152BCF8014008AEF32 /* Extensions .swift */ = {isa = PBXFileReference; lastKnownFileType = sourcecode.swift; path = "Extensions .swift"; sourceTree = "<group>"; };
		FFEEB9FC2BB9110900FCBBE4 /* ToDoList.app */ = {isa = PBXFileReference; explicitFileType = wrapper.application; includeInIndex = 0; path = ToDoList.app; sourceTree = BUILT_PRODUCTS_DIR; };
		FFEEBA0F2BB9126C00FCBBE4 /* Assets.xcassets */ = {isa = PBXFileReference; lastKnownFileType = folder.assetcatalog; path = Assets.xcassets; sourceTree = "<group>"; };
		FFEEBA102BB9126C00FCBBE4 /* GoogleService-Info.plist */ = {isa = PBXFileReference; fileEncoding = 4; lastKnownFileType = text.plist.xml; path = "GoogleService-Info.plist"; sourceTree = "<group>"; };
		FFEEBA112BB9126C00FCBBE4 /* ToDoListApp.swift */ = {isa = PBXFileReference; fileEncoding = 4; lastKnownFileType = sourcecode.swift; path = ToDoListApp.swift; sourceTree = "<group>"; };
		FFEEBA132BB9126C00FCBBE4 /* LoginVM.swift */ = {isa = PBXFileReference; fileEncoding = 4; lastKnownFileType = sourcecode.swift; path = LoginVM.swift; sourceTree = "<group>"; };
		FFEEBA142BB9126C00FCBBE4 /* MainVM.swift */ = {isa = PBXFileReference; fileEncoding = 4; lastKnownFileType = sourcecode.swift; path = MainVM.swift; sourceTree = "<group>"; };
		FFEEBA152BB9126C00FCBBE4 /* NewItemVM.swift */ = {isa = PBXFileReference; fileEncoding = 4; lastKnownFileType = sourcecode.swift; path = NewItemVM.swift; sourceTree = "<group>"; };
		FFEEBA162BB9126C00FCBBE4 /* ProfileVM.swift */ = {isa = PBXFileReference; fileEncoding = 4; lastKnownFileType = sourcecode.swift; path = ProfileVM.swift; sourceTree = "<group>"; };
		FFEEBA172BB9126C00FCBBE4 /* RegisterVM.swift */ = {isa = PBXFileReference; fileEncoding = 4; lastKnownFileType = sourcecode.swift; path = RegisterVM.swift; sourceTree = "<group>"; };
		FFEEBA182BB9126C00FCBBE4 /* ToDoListItemVM.swift */ = {isa = PBXFileReference; fileEncoding = 4; lastKnownFileType = sourcecode.swift; path = ToDoListItemVM.swift; sourceTree = "<group>"; };
		FFEEBA192BB9126C00FCBBE4 /* ToDoListVM.swift */ = {isa = PBXFileReference; fileEncoding = 4; lastKnownFileType = sourcecode.swift; path = ToDoListVM.swift; sourceTree = "<group>"; };
		FFEEBA1B2BB9126C00FCBBE4 /* Preview Assets.xcassets */ = {isa = PBXFileReference; lastKnownFileType = folder.assetcatalog; path = "Preview Assets.xcassets"; sourceTree = "<group>"; };
		FFEEBA1D2BB9126C00FCBBE4 /* ToDoListItem.swift */ = {isa = PBXFileReference; fileEncoding = 4; lastKnownFileType = sourcecode.swift; path = ToDoListItem.swift; sourceTree = "<group>"; };
		FFEEBA1E2BB9126C00FCBBE4 /* User.swift */ = {isa = PBXFileReference; fileEncoding = 4; lastKnownFileType = sourcecode.swift; path = User.swift; sourceTree = "<group>"; };
		FFEEBA202BB9126C00FCBBE4 /* LoginView.swift */ = {isa = PBXFileReference; fileEncoding = 4; lastKnownFileType = sourcecode.swift; path = LoginView.swift; sourceTree = "<group>"; };
		FFEEBA222BB9126C00FCBBE4 /* MainView.swift */ = {isa = PBXFileReference; fileEncoding = 4; lastKnownFileType = sourcecode.swift; path = MainView.swift; sourceTree = "<group>"; };
		FFEEBA232BB9126C00FCBBE4 /* NewItemView.swift */ = {isa = PBXFileReference; fileEncoding = 4; lastKnownFileType = sourcecode.swift; path = NewItemView.swift; sourceTree = "<group>"; };
		FFEEBA242BB9126C00FCBBE4 /* ProfileView.swift */ = {isa = PBXFileReference; fileEncoding = 4; lastKnownFileType = sourcecode.swift; path = ProfileView.swift; sourceTree = "<group>"; };
		FFEEBA252BB9126C00FCBBE4 /* RegisterView.swift */ = {isa = PBXFileReference; fileEncoding = 4; lastKnownFileType = sourcecode.swift; path = RegisterView.swift; sourceTree = "<group>"; };
		FFEEBA262BB9126C00FCBBE4 /* ToDoListItemView.swift */ = {isa = PBXFileReference; fileEncoding = 4; lastKnownFileType = sourcecode.swift; path = ToDoListItemView.swift; sourceTree = "<group>"; };
		FFEEBA272BB9126C00FCBBE4 /* ToDoListView.swift */ = {isa = PBXFileReference; fileEncoding = 4; lastKnownFileType = sourcecode.swift; path = ToDoListView.swift; sourceTree = "<group>"; };
/* End PBXFileReference section */

/* Begin PBXFrameworksBuildPhase section */
		FFEEB9F92BB9110900FCBBE4 /* Frameworks */ = {
			isa = PBXFrameworksBuildPhase;
			buildActionMask = 2147483647;
			files = (
				FFEEBA402BB9134200FCBBE4 /* FirebaseAuth in Frameworks */,
				FFEEBA422BB9134200FCBBE4 /* FirebaseFirestore in Frameworks */,
				FFEEBA442BB9134200FCBBE4 /* FirebaseFirestoreSwift in Frameworks */,
			);
			runOnlyForDeploymentPostprocessing = 0;
		};
/* End PBXFrameworksBuildPhase section */

/* Begin PBXGroup section */
		FFEEB9F32BB9110900FCBBE4 = {
			isa = PBXGroup;
			children = (
				FFEEB9FE2BB9110900FCBBE4 /* ToDoList */,
				FFEEB9FD2BB9110900FCBBE4 /* Products */,
			);
			sourceTree = "<group>";
		};
		FFEEB9FD2BB9110900FCBBE4 /* Products */ = {
			isa = PBXGroup;
			children = (
				FFEEB9FC2BB9110900FCBBE4 /* ToDoList.app */,
			);
			name = Products;
			sourceTree = "<group>";
		};
		FFEEB9FE2BB9110900FCBBE4 /* ToDoList */ = {
			isa = PBXGroup;
			children = (
				FFEEBA1F2BB9126C00FCBBE4 /* Models */,
				FFEEBA122BB9126C00FCBBE4 /* Other */,
				FFEEBA1C2BB9126C00FCBBE4 /* Preview Content */,
				FFEEBA1A2BB9126C00FCBBE4 /* ViewModels */,
				FFEEBA282BB9126C00FCBBE4 /* Views */,
			);
			path = ToDoList;
			sourceTree = "<group>";
		};
		FFEEBA122BB9126C00FCBBE4 /* Other */ = {
			isa = PBXGroup;
			children = (
				FFEEBA0F2BB9126C00FCBBE4 /* Assets.xcassets */,
				FFEEBA102BB9126C00FCBBE4 /* GoogleService-Info.plist */,
				FFEEBA112BB9126C00FCBBE4 /* ToDoListApp.swift */,
				FF672E152BCF8014008AEF32 /* Extensions .swift */,
				FF23F2D92BD7A83B00EF3EDF /* Launch Screen.storyboard */,
			);
			name = Other;
			path = ToDoList/Other;
			sourceTree = SOURCE_ROOT;
		};
		FFEEBA1A2BB9126C00FCBBE4 /* ViewModels */ = {
			isa = PBXGroup;
			children = (
				FFEEBA132BB9126C00FCBBE4 /* LoginVM.swift */,
				FFEEBA142BB9126C00FCBBE4 /* MainVM.swift */,
				FFEEBA152BB9126C00FCBBE4 /* NewItemVM.swift */,
				FFEEBA162BB9126C00FCBBE4 /* ProfileVM.swift */,
				FFEEBA172BB9126C00FCBBE4 /* RegisterVM.swift */,
				FFEEBA182BB9126C00FCBBE4 /* ToDoListItemVM.swift */,
				FFEEBA192BB9126C00FCBBE4 /* ToDoListVM.swift */,
			);
			name = ViewModels;
			path = ToDoList/ViewModels;
			sourceTree = SOURCE_ROOT;
		};
		FFEEBA1C2BB9126C00FCBBE4 /* Preview Content */ = {
			isa = PBXGroup;
			children = (
				FFEEBA1B2BB9126C00FCBBE4 /* Preview Assets.xcassets */,
			);
			path = "Preview Content";
			sourceTree = SOURCE_ROOT;
		};
		FFEEBA1F2BB9126C00FCBBE4 /* Models */ = {
			isa = PBXGroup;
			children = (
				FFEEBA1D2BB9126C00FCBBE4 /* ToDoListItem.swift */,
				FFEEBA1E2BB9126C00FCBBE4 /* User.swift */,
			);
			name = Models;
			path = ToDoList/Models;
			sourceTree = SOURCE_ROOT;
		};
		FFEEBA282BB9126C00FCBBE4 /* Views */ = {
			isa = PBXGroup;
			children = (
				FFEEBA202BB9126C00FCBBE4 /* LoginView.swift */,
				FFEEBA222BB9126C00FCBBE4 /* MainView.swift */,
				FFEEBA232BB9126C00FCBBE4 /* NewItemView.swift */,
				FFEEBA242BB9126C00FCBBE4 /* ProfileView.swift */,
				FFEEBA252BB9126C00FCBBE4 /* RegisterView.swift */,
				FFEEBA262BB9126C00FCBBE4 /* ToDoListItemView.swift */,
				FFEEBA272BB9126C00FCBBE4 /* ToDoListView.swift */,
				FF29D1722BCE3FD700B4E289 /* MainHeaderView.swift */,
				FF4B9BE02BCF26DF00AF8814 /* TLButton.swift */,
				FF141FF22BE27C1900A46A44 /* BasicHeaderView.swift */,
			);
			name = Views;
			path = ToDoList/Views;
			sourceTree = SOURCE_ROOT;
		};
/* End PBXGroup section */

/* Begin PBXNativeTarget section */
		FFEEB9FB2BB9110900FCBBE4 /* ToDoList */ = {
			isa = PBXNativeTarget;
			buildConfigurationList = FFEEBA0A2BB9110900FCBBE4 /* Build configuration list for PBXNativeTarget "ToDoList" */;
			buildPhases = (
				FFEEB9F82BB9110900FCBBE4 /* Sources */,
				FFEEB9F92BB9110900FCBBE4 /* Frameworks */,
				FFEEB9FA2BB9110900FCBBE4 /* Resources */,
			);
			buildRules = (
			);
			dependencies = (
			);
			name = ToDoList;
			packageProductDependencies = (
				FFEEBA3F2BB9134200FCBBE4 /* FirebaseAuth */,
				FFEEBA412BB9134200FCBBE4 /* FirebaseFirestore */,
				FFEEBA432BB9134200FCBBE4 /* FirebaseFirestoreSwift */,
			);
			productName = ToDoList;
			productReference = FFEEB9FC2BB9110900FCBBE4 /* ToDoList.app */;
			productType = "com.apple.product-type.application";
		};
/* End PBXNativeTarget section */

/* Begin PBXProject section */
		FFEEB9F42BB9110900FCBBE4 /* Project object */ = {
			isa = PBXProject;
			attributes = {
				BuildIndependentTargetsInParallel = 1;
				LastSwiftUpdateCheck = 1530;
				LastUpgradeCheck = 1530;
				TargetAttributes = {
					FFEEB9FB2BB9110900FCBBE4 = {
						CreatedOnToolsVersion = 15.3;
					};
				};
			};
			buildConfigurationList = FFEEB9F72BB9110900FCBBE4 /* Build configuration list for PBXProject "ToDoList" */;
			compatibilityVersion = "Xcode 14.0";
			developmentRegion = en;
			hasScannedForEncodings = 0;
			knownRegions = (
				en,
				Base,
			);
			mainGroup = FFEEB9F32BB9110900FCBBE4;
			packageReferences = (
				FFEEBA3E2BB9134200FCBBE4 /* XCRemoteSwiftPackageReference "firebase-ios-sdk" */,
			);
			productRefGroup = FFEEB9FD2BB9110900FCBBE4 /* Products */;
			projectDirPath = "";
			projectRoot = "";
			targets = (
				FFEEB9FB2BB9110900FCBBE4 /* ToDoList */,
			);
		};
/* End PBXProject section */

/* Begin PBXResourcesBuildPhase section */
		FFEEB9FA2BB9110900FCBBE4 /* Resources */ = {
			isa = PBXResourcesBuildPhase;
			buildActionMask = 2147483647;
			files = (
				FFEEBA332BB9126C00FCBBE4 /* Preview Assets.xcassets in Resources */,
				FFEEBA292BB9126C00FCBBE4 /* Assets.xcassets in Resources */,
				FF23F2DA2BD7A83B00EF3EDF /* Launch Screen.storyboard in Resources */,
				FFEEBA2A2BB9126C00FCBBE4 /* GoogleService-Info.plist in Resources */,
			);
			runOnlyForDeploymentPostprocessing = 0;
		};
/* End PBXResourcesBuildPhase section */

/* Begin PBXSourcesBuildPhase section */
		FFEEB9F82BB9110900FCBBE4 /* Sources */ = {
			isa = PBXSourcesBuildPhase;
			buildActionMask = 2147483647;
			files = (
				FFEEBA3D2BB9126C00FCBBE4 /* ToDoListView.swift in Sources */,
				FF29D1732BCE3FD700B4E289 /* MainHeaderView.swift in Sources */,
				FFEEBA392BB9126C00FCBBE4 /* NewItemView.swift in Sources */,
				FFEEBA322BB9126C00FCBBE4 /* ToDoListVM.swift in Sources */,
				FFEEBA382BB9126C00FCBBE4 /* MainView.swift in Sources */,
				FFEEBA2F2BB9126C00FCBBE4 /* ProfileVM.swift in Sources */,
				FFEEBA2C2BB9126C00FCBBE4 /* LoginVM.swift in Sources */,
				FF4B9BE12BCF26DF00AF8814 /* TLButton.swift in Sources */,
				FFEEBA312BB9126C00FCBBE4 /* ToDoListItemVM.swift in Sources */,
				FFEEBA3B2BB9126C00FCBBE4 /* RegisterView.swift in Sources */,
				FFEEBA2D2BB9126C00FCBBE4 /* MainVM.swift in Sources */,
				FFEEBA2E2BB9126C00FCBBE4 /* NewItemVM.swift in Sources */,
				FF672E162BCF8014008AEF32 /* Extensions .swift in Sources */,
				FFEEBA2B2BB9126C00FCBBE4 /* ToDoListApp.swift in Sources */,
				FFEEBA302BB9126C00FCBBE4 /* RegisterVM.swift in Sources */,
				FFEEBA362BB9126C00FCBBE4 /* LoginView.swift in Sources */,
				FFEEBA352BB9126C00FCBBE4 /* User.swift in Sources */,
				FF141FF32BE27C1900A46A44 /* BasicHeaderView.swift in Sources */,
				FFEEBA3C2BB9126C00FCBBE4 /* ToDoListItemView.swift in Sources */,
				FFEEBA3A2BB9126C00FCBBE4 /* ProfileView.swift in Sources */,
				FFEEBA342BB9126C00FCBBE4 /* ToDoListItem.swift in Sources */,
			);
			runOnlyForDeploymentPostprocessing = 0;
		};
/* End PBXSourcesBuildPhase section */

/* Begin XCBuildConfiguration section */
		FFEEBA082BB9110900FCBBE4 /* Debug */ = {
			isa = XCBuildConfiguration;
			buildSettings = {
				ALWAYS_SEARCH_USER_PATHS = NO;
				ASSETCATALOG_COMPILER_GENERATE_SWIFT_ASSET_SYMBOL_EXTENSIONS = YES;
				CLANG_ANALYZER_NONNULL = YES;
				CLANG_ANALYZER_NUMBER_OBJECT_CONVERSION = YES_AGGRESSIVE;
				CLANG_CXX_LANGUAGE_STANDARD = "gnu++20";
				CLANG_ENABLE_MODULES = YES;
				CLANG_ENABLE_OBJC_ARC = YES;
				CLANG_ENABLE_OBJC_WEAK = YES;
				CLANG_WARN_BLOCK_CAPTURE_AUTORELEASING = YES;
				CLANG_WARN_BOOL_CONVERSION = YES;
				CLANG_WARN_COMMA = YES;
				CLANG_WARN_CONSTANT_CONVERSION = YES;
				CLANG_WARN_DEPRECATED_OBJC_IMPLEMENTATIONS = YES;
				CLANG_WARN_DIRECT_OBJC_ISA_USAGE = YES_ERROR;
				CLANG_WARN_DOCUMENTATION_COMMENTS = YES;
				CLANG_WARN_EMPTY_BODY = YES;
				CLANG_WARN_ENUM_CONVERSION = YES;
				CLANG_WARN_INFINITE_RECURSION = YES;
				CLANG_WARN_INT_CONVERSION = YES;
				CLANG_WARN_NON_LITERAL_NULL_CONVERSION = YES;
				CLANG_WARN_OBJC_IMPLICIT_RETAIN_SELF = YES;
				CLANG_WARN_OBJC_LITERAL_CONVERSION = YES;
				CLANG_WARN_OBJC_ROOT_CLASS = YES_ERROR;
				CLANG_WARN_QUOTED_INCLUDE_IN_FRAMEWORK_HEADER = YES;
				CLANG_WARN_RANGE_LOOP_ANALYSIS = YES;
				CLANG_WARN_STRICT_PROTOTYPES = YES;
				CLANG_WARN_SUSPICIOUS_MOVE = YES;
				CLANG_WARN_UNGUARDED_AVAILABILITY = YES_AGGRESSIVE;
				CLANG_WARN_UNREACHABLE_CODE = YES;
				CLANG_WARN__DUPLICATE_METHOD_MATCH = YES;
				COPY_PHASE_STRIP = NO;
				DEBUG_INFORMATION_FORMAT = dwarf;
				ENABLE_STRICT_OBJC_MSGSEND = YES;
				ENABLE_TESTABILITY = YES;
				ENABLE_USER_SCRIPT_SANDBOXING = YES;
				GCC_C_LANGUAGE_STANDARD = gnu17;
				GCC_DYNAMIC_NO_PIC = NO;
				GCC_NO_COMMON_BLOCKS = YES;
				GCC_OPTIMIZATION_LEVEL = 0;
				GCC_PREPROCESSOR_DEFINITIONS = (
					"DEBUG=1",
					"$(inherited)",
				);
				GCC_WARN_64_TO_32_BIT_CONVERSION = YES;
				GCC_WARN_ABOUT_RETURN_TYPE = YES_ERROR;
				GCC_WARN_UNDECLARED_SELECTOR = YES;
				GCC_WARN_UNINITIALIZED_AUTOS = YES_AGGRESSIVE;
				GCC_WARN_UNUSED_FUNCTION = YES;
				GCC_WARN_UNUSED_VARIABLE = YES;
				IPHONEOS_DEPLOYMENT_TARGET = 17.4;
				LOCALIZATION_PREFERS_STRING_CATALOGS = YES;
				MTL_ENABLE_DEBUG_INFO = INCLUDE_SOURCE;
				MTL_FAST_MATH = YES;
				ONLY_ACTIVE_ARCH = YES;
				SDKROOT = iphoneos;
				SWIFT_ACTIVE_COMPILATION_CONDITIONS = "DEBUG $(inherited)";
				SWIFT_OPTIMIZATION_LEVEL = "-Onone";
			};
			name = Debug;
		};
		FFEEBA092BB9110900FCBBE4 /* Release */ = {
			isa = XCBuildConfiguration;
			buildSettings = {
				ALWAYS_SEARCH_USER_PATHS = NO;
				ASSETCATALOG_COMPILER_GENERATE_SWIFT_ASSET_SYMBOL_EXTENSIONS = YES;
				CLANG_ANALYZER_NONNULL = YES;
				CLANG_ANALYZER_NUMBER_OBJECT_CONVERSION = YES_AGGRESSIVE;
				CLANG_CXX_LANGUAGE_STANDARD = "gnu++20";
				CLANG_ENABLE_MODULES = YES;
				CLANG_ENABLE_OBJC_ARC = YES;
				CLANG_ENABLE_OBJC_WEAK = YES;
				CLANG_WARN_BLOCK_CAPTURE_AUTORELEASING = YES;
				CLANG_WARN_BOOL_CONVERSION = YES;
				CLANG_WARN_COMMA = YES;
				CLANG_WARN_CONSTANT_CONVERSION = YES;
				CLANG_WARN_DEPRECATED_OBJC_IMPLEMENTATIONS = YES;
				CLANG_WARN_DIRECT_OBJC_ISA_USAGE = YES_ERROR;
				CLANG_WARN_DOCUMENTATION_COMMENTS = YES;
				CLANG_WARN_EMPTY_BODY = YES;
				CLANG_WARN_ENUM_CONVERSION = YES;
				CLANG_WARN_INFINITE_RECURSION = YES;
				CLANG_WARN_INT_CONVERSION = YES;
				CLANG_WARN_NON_LITERAL_NULL_CONVERSION = YES;
				CLANG_WARN_OBJC_IMPLICIT_RETAIN_SELF = YES;
				CLANG_WARN_OBJC_LITERAL_CONVERSION = YES;
				CLANG_WARN_OBJC_ROOT_CLASS = YES_ERROR;
				CLANG_WARN_QUOTED_INCLUDE_IN_FRAMEWORK_HEADER = YES;
				CLANG_WARN_RANGE_LOOP_ANALYSIS = YES;
				CLANG_WARN_STRICT_PROTOTYPES = YES;
				CLANG_WARN_SUSPICIOUS_MOVE = YES;
				CLANG_WARN_UNGUARDED_AVAILABILITY = YES_AGGRESSIVE;
				CLANG_WARN_UNREACHABLE_CODE = YES;
				CLANG_WARN__DUPLICATE_METHOD_MATCH = YES;
				COPY_PHASE_STRIP = NO;
				DEBUG_INFORMATION_FORMAT = "dwarf-with-dsym";
				ENABLE_NS_ASSERTIONS = NO;
				ENABLE_STRICT_OBJC_MSGSEND = YES;
				ENABLE_USER_SCRIPT_SANDBOXING = YES;
				GCC_C_LANGUAGE_STANDARD = gnu17;
				GCC_NO_COMMON_BLOCKS = YES;
				GCC_WARN_64_TO_32_BIT_CONVERSION = YES;
				GCC_WARN_ABOUT_RETURN_TYPE = YES_ERROR;
				GCC_WARN_UNDECLARED_SELECTOR = YES;
				GCC_WARN_UNINITIALIZED_AUTOS = YES_AGGRESSIVE;
				GCC_WARN_UNUSED_FUNCTION = YES;
				GCC_WARN_UNUSED_VARIABLE = YES;
				IPHONEOS_DEPLOYMENT_TARGET = 17.4;
				LOCALIZATION_PREFERS_STRING_CATALOGS = YES;
				MTL_ENABLE_DEBUG_INFO = NO;
				MTL_FAST_MATH = YES;
				SDKROOT = iphoneos;
				SWIFT_COMPILATION_MODE = wholemodule;
				VALIDATE_PRODUCT = YES;
			};
			name = Release;
		};
		FFEEBA0B2BB9110900FCBBE4 /* Debug */ = {
			isa = XCBuildConfiguration;
			buildSettings = {
				ASSETCATALOG_COMPILER_APPICON_NAME = AppIcon;
				ASSETCATALOG_COMPILER_GLOBAL_ACCENT_COLOR_NAME = AccentColor;
				CODE_SIGN_STYLE = Automatic;
				CURRENT_PROJECT_VERSION = 1;
				DEVELOPMENT_ASSET_PATHS = "\"ToDoList/Preview Content\"";
				ENABLE_PREVIEWS = YES;
				GENERATE_INFOPLIST_FILE = YES;
				INFOPLIST_KEY_UIApplicationSceneManifest_Generation = YES;
				INFOPLIST_KEY_UIApplicationSupportsIndirectInputEvents = YES;
				INFOPLIST_KEY_UILaunchScreen_Generation = YES;
				INFOPLIST_KEY_UILaunchStoryboardName = "Launch Screen.storyboard";
				INFOPLIST_KEY_UISupportedInterfaceOrientations = UIInterfaceOrientationPortrait;
				LD_RUNPATH_SEARCH_PATHS = (
					"$(inherited)",
					"@executable_path/Frameworks",
				);
				MARKETING_VERSION = 1.0;
				PRODUCT_BUNDLE_IDENTIFIER = com.malonethedev.ToDoList;
				PRODUCT_NAME = "$(TARGET_NAME)";
				SWIFT_EMIT_LOC_STRINGS = YES;
				SWIFT_VERSION = 5.0;
				TARGETED_DEVICE_FAMILY = "1,2";
			};
			name = Debug;
		};
		FFEEBA0C2BB9110900FCBBE4 /* Release */ = {
			isa = XCBuildConfiguration;
			buildSettings = {
				ASSETCATALOG_COMPILER_APPICON_NAME = AppIcon;
				ASSETCATALOG_COMPILER_GLOBAL_ACCENT_COLOR_NAME = AccentColor;
				CODE_SIGN_STYLE = Automatic;
				CURRENT_PROJECT_VERSION = 1;
				DEVELOPMENT_ASSET_PATHS = "\"ToDoList/Preview Content\"";
				ENABLE_PREVIEWS = YES;
				GENERATE_INFOPLIST_FILE = YES;
				INFOPLIST_KEY_UIApplicationSceneManifest_Generation = YES;
				INFOPLIST_KEY_UIApplicationSupportsIndirectInputEvents = YES;
				INFOPLIST_KEY_UILaunchScreen_Generation = YES;
				INFOPLIST_KEY_UILaunchStoryboardName = "Launch Screen.storyboard";
				INFOPLIST_KEY_UISupportedInterfaceOrientations = UIInterfaceOrientationPortrait;
				LD_RUNPATH_SEARCH_PATHS = (
					"$(inherited)",
					"@executable_path/Frameworks",
				);
				MARKETING_VERSION = 1.0;
				PRODUCT_BUNDLE_IDENTIFIER = com.malonethedev.ToDoList;
				PRODUCT_NAME = "$(TARGET_NAME)";
				SWIFT_EMIT_LOC_STRINGS = YES;
				SWIFT_VERSION = 5.0;
				TARGETED_DEVICE_FAMILY = "1,2";
			};
			name = Release;
		};
/* End XCBuildConfiguration section */

/* Begin XCConfigurationList section */
		FFEEB9F72BB9110900FCBBE4 /* Build configuration list for PBXProject "ToDoList" */ = {
			isa = XCConfigurationList;
			buildConfigurations = (
				FFEEBA082BB9110900FCBBE4 /* Debug */,
				FFEEBA092BB9110900FCBBE4 /* Release */,
			);
			defaultConfigurationIsVisible = 0;
			defaultConfigurationName = Release;
		};
		FFEEBA0A2BB9110900FCBBE4 /* Build configuration list for PBXNativeTarget "ToDoList" */ = {
			isa = XCConfigurationList;
			buildConfigurations = (
				FFEEBA0B2BB9110900FCBBE4 /* Debug */,
				FFEEBA0C2BB9110900FCBBE4 /* Release */,
			);
			defaultConfigurationIsVisible = 0;
			defaultConfigurationName = Release;
		};
/* End XCConfigurationList section */

/* Begin XCRemoteSwiftPackageReference section */
		FFEEBA3E2BB9134200FCBBE4 /* XCRemoteSwiftPackageReference "firebase-ios-sdk" */ = {
			isa = XCRemoteSwiftPackageReference;
			repositoryURL = "https://github.com/firebase/firebase-ios-sdk";
			requirement = {
				kind = upToNextMajorVersion;
				minimumVersion = 10.23.1;
			};
		};
/* End XCRemoteSwiftPackageReference section */

/* Begin XCSwiftPackageProductDependency section */
		FFEEBA3F2BB9134200FCBBE4 /* FirebaseAuth */ = {
			isa = XCSwiftPackageProductDependency;
			package = FFEEBA3E2BB9134200FCBBE4 /* XCRemoteSwiftPackageReference "firebase-ios-sdk" */;
			productName = FirebaseAuth;
		};
		FFEEBA412BB9134200FCBBE4 /* FirebaseFirestore */ = {
			isa = XCSwiftPackageProductDependency;
			package = FFEEBA3E2BB9134200FCBBE4 /* XCRemoteSwiftPackageReference "firebase-ios-sdk" */;
			productName = FirebaseFirestore;
		};
		FFEEBA432BB9134200FCBBE4 /* FirebaseFirestoreSwift */ = {
			isa = XCSwiftPackageProductDependency;
			package = FFEEBA3E2BB9134200FCBBE4 /* XCRemoteSwiftPackageReference "firebase-ios-sdk" */;
			productName = FirebaseFirestoreSwift;
		};
/* End XCSwiftPackageProductDependency section */
	};
	rootObject = FFEEB9F42BB9110900FCBBE4 /* Project object */;
}
